# This file is autogenerated, do not edit; changes may be undone by the next 'dep ensure'.


[[projects]]
  name = "github.com/subtlepseudonym/go-utils"
  packages = ["http"]
  revision = "f63a794ca4621b8909fa49a477f61ef727c2b043"
  version = "v1.0.2"

[[projects]]
  branch = "master"
  name = "github.com/veandco/go-sdl2"
  packages = ["mix","sdl"]
  revision = "4bbd875960a925cb9008f597ef3ed714f85a8372"

[solve-meta]
  analyzer-name = "dep"
  analyzer-version = 1
  inputs-digest = "b6ba278a9b1de96be80544f1521ef6a93937437598b2b7d5528d2444a99d2f3b"
  solver-name = "gps-cdcl"
  solver-version = 1
