# This file is autogenerated, do not edit; changes may be undone by the next 'dep ensure'.


[[projects]]
  name = "github.com/subtlepseudonym/go-utils"
  packages = ["http"]
  revision = "ef37672065336deff8d0584093893b3295abc207"
  version = "v1.0.1"

[solve-meta]
  analyzer-name = "dep"
  analyzer-version = 1
  inputs-digest = "dfd510740df54fd256b10f2bf289218a2ad94443b455b83dee57281a1e4047e4"
  solver-name = "gps-cdcl"
  solver-version = 1
